
Microsoft Visual Studio Solution File, Format Version 12.00
# Visual Studio 15
VisualStudioVersion = 15.0.27703.2035
MinimumVisualStudioVersion = 10.0.40219.1
Project("{FAE04EC0-301F-11D3-BF4B-00C04F79EFBC}") = "GUI", "GUI\GUI.csproj", "{506A84E4-22BD-4613-99F6-049C43D35836}"
EndProject
Project("{FAE04EC0-301F-11D3-BF4B-00C04F79EFBC}") = "BUS", "BUS\BUS.csproj", "{B1B24180-E30B-4049-A739-A1E827FF2DB6}"
EndProject
Project("{FAE04EC0-301F-11D3-BF4B-00C04F79EFBC}") = "DAO", "DAO\DAO.csproj", "{A48B576F-9243-4682-A841-37E70F7E487D}"
EndProject
Global
	GlobalSection(SolutionConfigurationPlatforms) = preSolution
		Debug|Any CPU = Debug|Any CPU
		Release|Any CPU = Release|Any CPU
	EndGlobalSection
	GlobalSection(ProjectConfigurationPlatforms) = postSolution
		{506A84E4-22BD-4613-99F6-049C43D35836}.Debug|Any CPU.ActiveCfg = Debug|Any CPU
		{506A84E4-22BD-4613-99F6-049C43D35836}.Debug|Any CPU.Build.0 = Debug|Any CPU
		{506A84E4-22BD-4613-99F6-049C43D35836}.Release|Any CPU.ActiveCfg = Release|Any CPU
		{506A84E4-22BD-4613-99F6-049C43D35836}.Release|Any CPU.Build.0 = Release|Any CPU
		{B1B24180-E30B-4049-A739-A1E827FF2DB6}.Debug|Any CPU.ActiveCfg = Debug|Any CPU
		{B1B24180-E30B-4049-A739-A1E827FF2DB6}.Debug|Any CPU.Build.0 = Debug|Any CPU
		{B1B24180-E30B-4049-A739-A1E827FF2DB6}.Release|Any CPU.ActiveCfg = Release|Any CPU
		{B1B24180-E30B-4049-A739-A1E827FF2DB6}.Release|Any CPU.Build.0 = Release|Any CPU
		{A48B576F-9243-4682-A841-37E70F7E487D}.Debug|Any CPU.ActiveCfg = Debug|Any CPU
		{A48B576F-9243-4682-A841-37E70F7E487D}.Debug|Any CPU.Build.0 = Debug|Any CPU
		{A48B576F-9243-4682-A841-37E70F7E487D}.Release|Any CPU.ActiveCfg = Release|Any CPU
		{A48B576F-9243-4682-A841-37E70F7E487D}.Release|Any CPU.Build.0 = Release|Any CPU
	EndGlobalSection
	GlobalSection(SolutionProperties) = preSolution
		HideSolutionNode = FALSE
	EndGlobalSection
	GlobalSection(ExtensibilityGlobals) = postSolution
		SolutionGuid = {14DF7C93-D807-412A-B269-07D88E435BA4}
	EndGlobalSection
EndGlobal
