
Microsoft Visual Studio Solution File, Format Version 12.00
# Visual Studio 15
VisualStudioVersion = 15.0.28306.52
MinimumVisualStudioVersion = 10.0.40219.1
Project("{FAE04EC0-301F-11D3-BF4B-00C04F79EFBC}") = "CSDL", "Provider\CSDL.csproj", "{35D4502D-8817-4E5F-852C-979284FE42E8}"
EndProject
Project("{FAE04EC0-301F-11D3-BF4B-00C04F79EFBC}") = "XuLy", "XuLy\XuLy.csproj", "{61B0DB69-E6E6-4043-9256-512B85EC3CAB}"
EndProject
Project("{FAE04EC0-301F-11D3-BF4B-00C04F79EFBC}") = "GiaoDien", "GiaoDien\GiaoDien.csproj", "{A9E247D6-B8E9-4D5C-98A8-496E7DBE67D5}"
EndProject
Global
	GlobalSection(SolutionConfigurationPlatforms) = preSolution
		Debug|Any CPU = Debug|Any CPU
		Release|Any CPU = Release|Any CPU
	EndGlobalSection
	GlobalSection(ProjectConfigurationPlatforms) = postSolution
		{35D4502D-8817-4E5F-852C-979284FE42E8}.Debug|Any CPU.ActiveCfg = Debug|Any CPU
		{35D4502D-8817-4E5F-852C-979284FE42E8}.Debug|Any CPU.Build.0 = Debug|Any CPU
		{35D4502D-8817-4E5F-852C-979284FE42E8}.Release|Any CPU.ActiveCfg = Release|Any CPU
		{35D4502D-8817-4E5F-852C-979284FE42E8}.Release|Any CPU.Build.0 = Release|Any CPU
		{61B0DB69-E6E6-4043-9256-512B85EC3CAB}.Debug|Any CPU.ActiveCfg = Debug|Any CPU
		{61B0DB69-E6E6-4043-9256-512B85EC3CAB}.Debug|Any CPU.Build.0 = Debug|Any CPU
		{61B0DB69-E6E6-4043-9256-512B85EC3CAB}.Release|Any CPU.ActiveCfg = Release|Any CPU
		{61B0DB69-E6E6-4043-9256-512B85EC3CAB}.Release|Any CPU.Build.0 = Release|Any CPU
		{A9E247D6-B8E9-4D5C-98A8-496E7DBE67D5}.Debug|Any CPU.ActiveCfg = Debug|Any CPU
		{A9E247D6-B8E9-4D5C-98A8-496E7DBE67D5}.Debug|Any CPU.Build.0 = Debug|Any CPU
		{A9E247D6-B8E9-4D5C-98A8-496E7DBE67D5}.Release|Any CPU.ActiveCfg = Release|Any CPU
		{A9E247D6-B8E9-4D5C-98A8-496E7DBE67D5}.Release|Any CPU.Build.0 = Release|Any CPU
	EndGlobalSection
	GlobalSection(SolutionProperties) = preSolution
		HideSolutionNode = FALSE
	EndGlobalSection
	GlobalSection(ExtensibilityGlobals) = postSolution
		SolutionGuid = {1FB0FCA4-96FE-4F21-94E1-B688BD4FFE36}
	EndGlobalSection
EndGlobal
